
Microsoft Visual Studio Solution File, Format Version 12.00
# Visual Studio Version 17
VisualStudioVersion = 17.1.32421.90
MinimumVisualStudioVersion = 10.0.40219.1
Project("{FAE04EC0-301F-11D3-BF4B-00C04F79EFBC}") = "APITestsGitHub", "APITestsGitHub\APITestsGitHub.csproj", "{077C540B-53C8-40F1-B7E1-8C3226C0A66C}"
EndProject
Project("{2150E333-8FDC-42A3-9474-1A3956D46DE8}") = "Solution Items", "Solution Items", "{8D091E2F-5357-4A02-BD79-3ED70835D7C7}"
	ProjectSection(SolutionItems) = preProject
		..\..\Lection5_API\GitHub Issues.postman_collection.json = ..\..\Lection5_API\GitHub Issues.postman_collection.json
	EndProjectSection
EndProject
Global
	GlobalSection(SolutionConfigurationPlatforms) = preSolution
		Debug|Any CPU = Debug|Any CPU
		Release|Any CPU = Release|Any CPU
	EndGlobalSection
	GlobalSection(ProjectConfigurationPlatforms) = postSolution
		{077C540B-53C8-40F1-B7E1-8C3226C0A66C}.Debug|Any CPU.ActiveCfg = Debug|Any CPU
		{077C540B-53C8-40F1-B7E1-8C3226C0A66C}.Debug|Any CPU.Build.0 = Debug|Any CPU
		{077C540B-53C8-40F1-B7E1-8C3226C0A66C}.Release|Any CPU.ActiveCfg = Release|Any CPU
		{077C540B-53C8-40F1-B7E1-8C3226C0A66C}.Release|Any CPU.Build.0 = Release|Any CPU
	EndGlobalSection
	GlobalSection(SolutionProperties) = preSolution
		HideSolutionNode = FALSE
	EndGlobalSection
	GlobalSection(ExtensibilityGlobals) = postSolution
		SolutionGuid = {3C54F470-0FE7-49EA-A78B-4951731F5F86}
	EndGlobalSection
EndGlobal
